Microsoft Visual Studio Solution File, Format Version 11.00
# Visual Studio 2008

Project("{2EB740B1-B589-DC45-482E-E47AC18C8ACA}") = "Flow april 10th", "Assembly-CSharp-firstpass.csproj", "{E2A9D3EA-C7E9-C2B0-C0D8-48DEF952A5E6}"
EndProject
Project("{2EB740B1-B589-DC45-482E-E47AC18C8ACA}") = "Flow april 10th", "Assembly-CSharp.csproj", "{674DE943-EF98-8FCE-3C51-BF7A0E0CEB5A}"
EndProject
Project("{2EB740B1-B589-DC45-482E-E47AC18C8ACA}") = "Flow april 10th", "Assembly-CSharp-Editor.csproj", "{C011BA4C-554F-13C1-94DC-56598EFBFB99}"
EndProject
Project("{2EB740B1-B589-DC45-482E-E47AC18C8ACA}") = "Flow april 10th", "Assembly-UnityScript-firstpass.unityproj", "{9020ECFC-F5CE-52DF-8661-9E6FB691789D}"
EndProject
Project("{2EB740B1-B589-DC45-482E-E47AC18C8ACA}") = "Flow april 10th", "Assembly-UnityScript.unityproj", "{37F9C976-E750-7DC9-E428-2B94D226937C}"
EndProject
Project("{2EB740B1-B589-DC45-482E-E47AC18C8ACA}") = "Flow april 10th", "Assembly-UnityScript-Editor.unityproj", "{F321FCB9-F1DA-BE50-5210-0F4B1C1C61DC}"
EndProject
Global
	GlobalSection(SolutionConfigurationPlatforms) = preSolution
		Debug|Any CPU = Debug|Any CPU
		Release|Any CPU = Release|Any CPU
	EndGlobalSection
	GlobalSection(ProjectConfigurationPlatforms) = postSolution
		{E2A9D3EA-C7E9-C2B0-C0D8-48DEF952A5E6}.Debug|Any CPU.ActiveCfg = Debug|Any CPU
		{E2A9D3EA-C7E9-C2B0-C0D8-48DEF952A5E6}.Debug|Any CPU.Build.0 = Debug|Any CPU
		{E2A9D3EA-C7E9-C2B0-C0D8-48DEF952A5E6}.Release|Any CPU.ActiveCfg = Release|Any CPU
		{E2A9D3EA-C7E9-C2B0-C0D8-48DEF952A5E6}.Release|Any CPU.Build.0 = Release|Any CPU
		{674DE943-EF98-8FCE-3C51-BF7A0E0CEB5A}.Debug|Any CPU.ActiveCfg = Debug|Any CPU
		{674DE943-EF98-8FCE-3C51-BF7A0E0CEB5A}.Debug|Any CPU.Build.0 = Debug|Any CPU
		{674DE943-EF98-8FCE-3C51-BF7A0E0CEB5A}.Release|Any CPU.ActiveCfg = Release|Any CPU
		{674DE943-EF98-8FCE-3C51-BF7A0E0CEB5A}.Release|Any CPU.Build.0 = Release|Any CPU
		{C011BA4C-554F-13C1-94DC-56598EFBFB99}.Debug|Any CPU.ActiveCfg = Debug|Any CPU
		{C011BA4C-554F-13C1-94DC-56598EFBFB99}.Debug|Any CPU.Build.0 = Debug|Any CPU
		{C011BA4C-554F-13C1-94DC-56598EFBFB99}.Release|Any CPU.ActiveCfg = Release|Any CPU
		{C011BA4C-554F-13C1-94DC-56598EFBFB99}.Release|Any CPU.Build.0 = Release|Any CPU
		{9020ECFC-F5CE-52DF-8661-9E6FB691789D}.Debug|Any CPU.ActiveCfg = Debug|Any CPU
		{9020ECFC-F5CE-52DF-8661-9E6FB691789D}.Debug|Any CPU.Build.0 = Debug|Any CPU
		{9020ECFC-F5CE-52DF-8661-9E6FB691789D}.Release|Any CPU.ActiveCfg = Release|Any CPU
		{9020ECFC-F5CE-52DF-8661-9E6FB691789D}.Release|Any CPU.Build.0 = Release|Any CPU
		{37F9C976-E750-7DC9-E428-2B94D226937C}.Debug|Any CPU.ActiveCfg = Debug|Any CPU
		{37F9C976-E750-7DC9-E428-2B94D226937C}.Debug|Any CPU.Build.0 = Debug|Any CPU
		{37F9C976-E750-7DC9-E428-2B94D226937C}.Release|Any CPU.ActiveCfg = Release|Any CPU
		{37F9C976-E750-7DC9-E428-2B94D226937C}.Release|Any CPU.Build.0 = Release|Any CPU
		{F321FCB9-F1DA-BE50-5210-0F4B1C1C61DC}.Debug|Any CPU.ActiveCfg = Debug|Any CPU
		{F321FCB9-F1DA-BE50-5210-0F4B1C1C61DC}.Debug|Any CPU.Build.0 = Debug|Any CPU
		{F321FCB9-F1DA-BE50-5210-0F4B1C1C61DC}.Release|Any CPU.ActiveCfg = Release|Any CPU
		{F321FCB9-F1DA-BE50-5210-0F4B1C1C61DC}.Release|Any CPU.Build.0 = Release|Any CPU
	EndGlobalSection
	GlobalSection(SolutionProperties) = preSolution
		HideSolutionNode = FALSE
	EndGlobalSection
																												GlobalSection(MonoDevelopProperties) = preSolution
		StartupItem = Assembly-CSharp.csproj
		Policies = $0
		$0.TextStylePolicy = $1
		$1.inheritsSet = null
		$1.scope = text/x-csharp
		$0.CSharpFormattingPolicy = $2
		$2.inheritsSet = Mono
		$2.inheritsScope = text/x-csharp
		$2.scope = text/x-csharp
		$0.TextStylePolicy = $3
		$3.FileWidth = 120
		$3.TabWidth = 4
		$3.EolMarker = Unix
		$3.inheritsSet = Mono
		$3.inheritsScope = text/plain
		$3.scope = text/plain
	EndGlobalSection

EndGlobal
