Microsoft Visual Studio Solution File, Format Version 11.00
# Visual Studio 2008

Project("{4CB3C16C-E320-4885-9D86-A94104499A6B}") = "Flow march 30th", "Assembly-CSharp-firstpass.csproj", "{C5DA6D1E-705D-19C9-0909-ACAB53876057}"
EndProject
Project("{4CB3C16C-E320-4885-9D86-A94104499A6B}") = "Flow march 30th", "Assembly-CSharp.csproj", "{EC4C61D8-A34B-FE82-C140-3902171CDC53}"
EndProject
Project("{4CB3C16C-E320-4885-9D86-A94104499A6B}") = "Flow march 30th", "Assembly-CSharp-Editor.csproj", "{6F4FBF95-C057-428B-B45D-7AA0E0474E27}"
EndProject
Project("{4CB3C16C-E320-4885-9D86-A94104499A6B}") = "Flow march 30th", "Assembly-UnityScript-firstpass.unityproj", "{E44D0570-645E-7429-5E35-5BA24C9172F0}"
EndProject
Project("{4CB3C16C-E320-4885-9D86-A94104499A6B}") = "Flow march 30th", "Assembly-UnityScript.unityproj", "{88D1B385-AB5D-5161-FB56-564A310B455F}"
EndProject
Project("{4CB3C16C-E320-4885-9D86-A94104499A6B}") = "Flow march 30th", "Assembly-UnityScript-Editor.unityproj", "{EC5CE2CC-6B87-396C-4792-854668BD7C16}"
EndProject
Global
	GlobalSection(SolutionConfigurationPlatforms) = preSolution
		Debug|Any CPU = Debug|Any CPU
		Release|Any CPU = Release|Any CPU
	EndGlobalSection
	GlobalSection(ProjectConfigurationPlatforms) = postSolution
		{C5DA6D1E-705D-19C9-0909-ACAB53876057}.Debug|Any CPU.ActiveCfg = Debug|Any CPU
		{C5DA6D1E-705D-19C9-0909-ACAB53876057}.Debug|Any CPU.Build.0 = Debug|Any CPU
		{C5DA6D1E-705D-19C9-0909-ACAB53876057}.Release|Any CPU.ActiveCfg = Release|Any CPU
		{C5DA6D1E-705D-19C9-0909-ACAB53876057}.Release|Any CPU.Build.0 = Release|Any CPU
		{EC4C61D8-A34B-FE82-C140-3902171CDC53}.Debug|Any CPU.ActiveCfg = Debug|Any CPU
		{EC4C61D8-A34B-FE82-C140-3902171CDC53}.Debug|Any CPU.Build.0 = Debug|Any CPU
		{EC4C61D8-A34B-FE82-C140-3902171CDC53}.Release|Any CPU.ActiveCfg = Release|Any CPU
		{EC4C61D8-A34B-FE82-C140-3902171CDC53}.Release|Any CPU.Build.0 = Release|Any CPU
		{6F4FBF95-C057-428B-B45D-7AA0E0474E27}.Debug|Any CPU.ActiveCfg = Debug|Any CPU
		{6F4FBF95-C057-428B-B45D-7AA0E0474E27}.Debug|Any CPU.Build.0 = Debug|Any CPU
		{6F4FBF95-C057-428B-B45D-7AA0E0474E27}.Release|Any CPU.ActiveCfg = Release|Any CPU
		{6F4FBF95-C057-428B-B45D-7AA0E0474E27}.Release|Any CPU.Build.0 = Release|Any CPU
		{E44D0570-645E-7429-5E35-5BA24C9172F0}.Debug|Any CPU.ActiveCfg = Debug|Any CPU
		{E44D0570-645E-7429-5E35-5BA24C9172F0}.Debug|Any CPU.Build.0 = Debug|Any CPU
		{E44D0570-645E-7429-5E35-5BA24C9172F0}.Release|Any CPU.ActiveCfg = Release|Any CPU
		{E44D0570-645E-7429-5E35-5BA24C9172F0}.Release|Any CPU.Build.0 = Release|Any CPU
		{88D1B385-AB5D-5161-FB56-564A310B455F}.Debug|Any CPU.ActiveCfg = Debug|Any CPU
		{88D1B385-AB5D-5161-FB56-564A310B455F}.Debug|Any CPU.Build.0 = Debug|Any CPU
		{88D1B385-AB5D-5161-FB56-564A310B455F}.Release|Any CPU.ActiveCfg = Release|Any CPU
		{88D1B385-AB5D-5161-FB56-564A310B455F}.Release|Any CPU.Build.0 = Release|Any CPU
		{EC5CE2CC-6B87-396C-4792-854668BD7C16}.Debug|Any CPU.ActiveCfg = Debug|Any CPU
		{EC5CE2CC-6B87-396C-4792-854668BD7C16}.Debug|Any CPU.Build.0 = Debug|Any CPU
		{EC5CE2CC-6B87-396C-4792-854668BD7C16}.Release|Any CPU.ActiveCfg = Release|Any CPU
		{EC5CE2CC-6B87-396C-4792-854668BD7C16}.Release|Any CPU.Build.0 = Release|Any CPU
	EndGlobalSection
	GlobalSection(SolutionProperties) = preSolution
		HideSolutionNode = FALSE
	EndGlobalSection
			GlobalSection(MonoDevelopProperties) = preSolution
		StartupItem = Assembly-CSharp.csproj
		Policies = $0
		$0.TextStylePolicy = $1
		$1.inheritsSet = null
		$1.scope = text/x-csharp
		$0.CSharpFormattingPolicy = $2
		$2.inheritsSet = Mono
		$2.inheritsScope = text/x-csharp
		$2.scope = text/x-csharp
		$0.TextStylePolicy = $3
		$3.FileWidth = 120
		$3.TabWidth = 4
		$3.EolMarker = Unix
		$3.inheritsSet = Mono
		$3.inheritsScope = text/plain
		$3.scope = text/plain
	EndGlobalSection

EndGlobal
